
Microsoft Visual Studio Solution File, Format Version 12.00
# Visual Studio Version 16
VisualStudioVersion = 16.0.31306.274
MinimumVisualStudioVersion = 10.0.40219.1
Project("{C7167F0D-BC9F-4E6E-AFE1-012C56B48DB5}") = "MyProjectReunion (Package)", "MyProjectReunion\MyProjectReunion (Package)\MyProjectReunion (Package).wapproj", "{65FA19A9-32B2-441E-92E8-151BFCC9D57D}"
EndProject
Project("{FAE04EC0-301F-11D3-BF4B-00C04F79EFBC}") = "MyProjectReunion", "MyProjectReunion\MyProjectReunion\MyProjectReunion.csproj", "{92409583-635A-4DC1-99CE-AF330F26E564}"
EndProject
Global
	GlobalSection(SolutionConfigurationPlatforms) = preSolution
		Debug|arm64 = Debug|arm64
		Debug|x64 = Debug|x64
		Debug|x86 = Debug|x86
		Release|arm64 = Release|arm64
		Release|x64 = Release|x64
		Release|x86 = Release|x86
	EndGlobalSection
	GlobalSection(ProjectConfigurationPlatforms) = postSolution
		{65FA19A9-32B2-441E-92E8-151BFCC9D57D}.Debug|arm64.ActiveCfg = Debug|arm64
		{65FA19A9-32B2-441E-92E8-151BFCC9D57D}.Debug|arm64.Build.0 = Debug|arm64
		{65FA19A9-32B2-441E-92E8-151BFCC9D57D}.Debug|arm64.Deploy.0 = Debug|arm64
		{65FA19A9-32B2-441E-92E8-151BFCC9D57D}.Debug|x64.ActiveCfg = Debug|x64
		{65FA19A9-32B2-441E-92E8-151BFCC9D57D}.Debug|x64.Build.0 = Debug|x64
		{65FA19A9-32B2-441E-92E8-151BFCC9D57D}.Debug|x64.Deploy.0 = Debug|x64
		{65FA19A9-32B2-441E-92E8-151BFCC9D57D}.Debug|x86.ActiveCfg = Debug|x86
		{65FA19A9-32B2-441E-92E8-151BFCC9D57D}.Debug|x86.Build.0 = Debug|x86
		{65FA19A9-32B2-441E-92E8-151BFCC9D57D}.Debug|x86.Deploy.0 = Debug|x86
		{65FA19A9-32B2-441E-92E8-151BFCC9D57D}.Release|arm64.ActiveCfg = Release|arm64
		{65FA19A9-32B2-441E-92E8-151BFCC9D57D}.Release|arm64.Build.0 = Release|arm64
		{65FA19A9-32B2-441E-92E8-151BFCC9D57D}.Release|arm64.Deploy.0 = Release|arm64
		{65FA19A9-32B2-441E-92E8-151BFCC9D57D}.Release|x64.ActiveCfg = Release|x64
		{65FA19A9-32B2-441E-92E8-151BFCC9D57D}.Release|x64.Build.0 = Release|x64
		{65FA19A9-32B2-441E-92E8-151BFCC9D57D}.Release|x64.Deploy.0 = Release|x64
		{65FA19A9-32B2-441E-92E8-151BFCC9D57D}.Release|x86.ActiveCfg = Release|x86
		{65FA19A9-32B2-441E-92E8-151BFCC9D57D}.Release|x86.Build.0 = Release|x86
		{65FA19A9-32B2-441E-92E8-151BFCC9D57D}.Release|x86.Deploy.0 = Release|x86
		{92409583-635A-4DC1-99CE-AF330F26E564}.Debug|arm64.ActiveCfg = Debug|arm64
		{92409583-635A-4DC1-99CE-AF330F26E564}.Debug|arm64.Build.0 = Debug|arm64
		{92409583-635A-4DC1-99CE-AF330F26E564}.Debug|x64.ActiveCfg = Debug|x64
		{92409583-635A-4DC1-99CE-AF330F26E564}.Debug|x64.Build.0 = Debug|x64
		{92409583-635A-4DC1-99CE-AF330F26E564}.Debug|x86.ActiveCfg = Debug|x86
		{92409583-635A-4DC1-99CE-AF330F26E564}.Debug|x86.Build.0 = Debug|x86
		{92409583-635A-4DC1-99CE-AF330F26E564}.Release|arm64.ActiveCfg = Release|arm64
		{92409583-635A-4DC1-99CE-AF330F26E564}.Release|arm64.Build.0 = Release|arm64
		{92409583-635A-4DC1-99CE-AF330F26E564}.Release|x64.ActiveCfg = Release|x64
		{92409583-635A-4DC1-99CE-AF330F26E564}.Release|x64.Build.0 = Release|x64
		{92409583-635A-4DC1-99CE-AF330F26E564}.Release|x86.ActiveCfg = Release|x86
		{92409583-635A-4DC1-99CE-AF330F26E564}.Release|x86.Build.0 = Release|x86
	EndGlobalSection
	GlobalSection(SolutionProperties) = preSolution
		HideSolutionNode = FALSE
	EndGlobalSection
	GlobalSection(ExtensibilityGlobals) = postSolution
		SolutionGuid = {77C1C4FA-D09F-46D3-84C3-EF8AEB463B37}
	EndGlobalSection
EndGlobal
